PODS:
  - BotStacks_ChatSDK (1.0.4-SNAPSHOT):
    - Giphy (= 2.2.8)
    - GoogleMaps (= 8.4.0)
  - BotStacksChatSDK (1.0.3-SNAPSHOT):
    - Giphy (= 2.2.8)
    - GoogleMaps (= 8.4.0)
  - Fakery (5.1.0)
  - Giphy (2.2.8):
    - libwebp
  - GoogleMaps (8.4.0):
    - GoogleMaps/Maps (= 8.4.0)
  - GoogleMaps/Base (8.4.0)
  - GoogleMaps/Maps (8.4.0):
    - GoogleMaps/Base
  - libwebp (1.3.2):
    - libwebp/demux (= 1.3.2)
    - libwebp/mux (= 1.3.2)
    - libwebp/sharpyuv (= 1.3.2)
    - libwebp/webp (= 1.3.2)
  - libwebp/demux (1.3.2):
    - libwebp/webp
  - libwebp/mux (1.3.2):
    - libwebp/demux
  - libwebp/sharpyuv (1.3.2)
  - libwebp/webp (1.3.2):
    - libwebp/sharpyuv

DEPENDENCIES:
  - BotStacks_ChatSDK (from `../../chat-sdk`)
  - BotStacksChatSDK (from `../BotStacksChatSDK`)
  - Fakery

SPEC REPOS:
  trunk:
    - Fakery
    - Giphy
    - GoogleMaps
    - libwebp

EXTERNAL SOURCES:
  BotStacks_ChatSDK:
    :path: "../../chat-sdk"
  BotStacksChatSDK:
    :path: "../BotStacksChatSDK"

SPEC CHECKSUMS:
  BotStacks_ChatSDK: 102c526c8ba0eba014b07c21c6b566a035f7b821
  BotStacksChatSDK: 6bea07e3702cb9c7643a681f6b7425b8d7e40a5e
  Fakery: a90caff00ca5cacde6c161c3eafc72314a03d34d
  Giphy: f63ab0e2dd819d6288feba07722aaafe8a5fe4b7
  GoogleMaps: 8939898920281c649150e0af74aa291c60f2e77d
  libwebp: 1786c9f4ff8a279e4dac1e8f385004d5fc253009

PODFILE CHECKSUM: ebb5ed4406c5bd0a105253351fb41261b0730404

COCOAPODS: 1.14.3
